
Microsoft Visual Studio Solution File, Format Version 12.00
# Visual Studio 2012
Project("{FAE04EC0-301F-11D3-BF4B-00C04F79EFBC}") = "NetRazorApp", "NetRazorApp\NetRazorApp.csproj", "{E0BB6BE5-1BB7-4B7D-B2D5-134F8B2C30BC}"
EndProject
Global
	GlobalSection(SolutionConfigurationPlatforms) = preSolution
		Debug|Any CPU = Debug|Any CPU
		Release|Any CPU = Release|Any CPU
	EndGlobalSection
	GlobalSection(ProjectConfigurationPlatforms) = postSolution
		{E0BB6BE5-1BB7-4B7D-B2D5-134F8B2C30BC}.Debug|Any CPU.ActiveCfg = Debug|Any CPU
		{E0BB6BE5-1BB7-4B7D-B2D5-134F8B2C30BC}.Debug|Any CPU.Build.0 = Debug|Any CPU
		{E0BB6BE5-1BB7-4B7D-B2D5-134F8B2C30BC}.Release|Any CPU.ActiveCfg = Release|Any CPU
		{E0BB6BE5-1BB7-4B7D-B2D5-134F8B2C30BC}.Release|Any CPU.Build.0 = Release|Any CPU
	EndGlobalSection
EndGlobal
